# THIS IS AN AUTOGENERATED FILE. DO NOT EDIT THIS FILE DIRECTLY.
# yarn lockfile v1


cron@^1.2.1:
  version "1.2.1"
  resolved "https://registry.yarnpkg.com/cron/-/cron-1.2.1.tgz#3a86c09b41b8f261ac863a7cc85ea4735857eab2"
  dependencies:
    moment-timezone "^0.5.x"

espruino-cron@^1.0.0:
  version "1.0.0"
  resolved "https://registry.yarnpkg.com/espruino-cron/-/espruino-cron-1.0.0.tgz#ab528458f828ea8fa105939a1df2212c4e7d94c6"

lodash@^4.17.4:
  version "4.17.4"
  resolved "https://registry.yarnpkg.com/lodash/-/lodash-4.17.4.tgz#78203a4d1c328ae1d86dca6460e369b57f4055ae"

minimist@^1.2.0:
  version "1.2.0"
  resolved "https://registry.yarnpkg.com/minimist/-/minimist-1.2.0.tgz#a35008b20f41383eec1fb914f4cd5df79a264284"

moment-timezone@^0.5.x:
  version "0.5.11"
  resolved "https://registry.yarnpkg.com/moment-timezone/-/moment-timezone-0.5.11.tgz#9b76c03d8ef514c7e4249a7bbce649eed39ef29f"
  dependencies:
    moment ">= 2.6.0"

"moment@>= 2.6.0", moment@^2.17.1:
  version "2.17.1"
  resolved "https://registry.yarnpkg.com/moment/-/moment-2.17.1.tgz#fed9506063f36b10f066c8b59a144d7faebe1d82"

open@^0.0.5:
  version "0.0.5"
  resolved "https://registry.yarnpkg.com/open/-/open-0.0.5.tgz#42c3e18ec95466b6bf0dc42f3a2945c3f0cad8fc"
